
Microsoft Visual Studio Solution File, Format Version 12.00
# Visual Studio 15
VisualStudioVersion = 15.0.26124.0
MinimumVisualStudioVersion = 15.0.26124.0
Project("{2150E333-8FDC-42A3-9474-1A3956D46DE8}") = "src", "src", "{659ACCAA-0D68-4C9D-8E52-47C657BEF8CA}"
EndProject
Project("{FAE04EC0-301F-11D3-BF4B-00C04F79EFBC}") = "WebApp", "src\WebApp\WebApp.csproj", "{1402C201-83FF-449F-AC80-592C0183DA22}"
EndProject
Project("{FAE04EC0-301F-11D3-BF4B-00C04F79EFBC}") = "Application", "src\Application\Application.csproj", "{D4749CE4-1C78-48BF-BD7D-8ECE26DAA879}"
EndProject
Project("{FAE04EC0-301F-11D3-BF4B-00C04F79EFBC}") = "Infrastructure", "src\Infrastructure\Infrastructure.csproj", "{92736C9B-EB5C-4EE5-91C5-39F15EC0FAAB}"
EndProject
Project("{FAE04EC0-301F-11D3-BF4B-00C04F79EFBC}") = "Domain", "src\Domain\Domain.csproj", "{3393239C-03A4-4510-8C52-F1D48F45781D}"
EndProject
Project("{2150E333-8FDC-42A3-9474-1A3956D46DE8}") = "test", "test", "{C0A0C226-149C-418E-8F03-C003A6A20223}"
EndProject
Project("{FAE04EC0-301F-11D3-BF4B-00C04F79EFBC}") = "Application.UnitTests", "test\Application.UnitTests\Application.UnitTests.csproj", "{CDBAE218-1E23-4AC0-BD7C-BA01D99FA6E6}"
EndProject
Global
	GlobalSection(SolutionConfigurationPlatforms) = preSolution
		Debug|Any CPU = Debug|Any CPU
		Debug|x64 = Debug|x64
		Debug|x86 = Debug|x86
		Release|Any CPU = Release|Any CPU
		Release|x64 = Release|x64
		Release|x86 = Release|x86
	EndGlobalSection
	GlobalSection(SolutionProperties) = preSolution
		HideSolutionNode = FALSE
	EndGlobalSection
	GlobalSection(ProjectConfigurationPlatforms) = postSolution
		{1402C201-83FF-449F-AC80-592C0183DA22}.Debug|Any CPU.ActiveCfg = Debug|Any CPU
		{1402C201-83FF-449F-AC80-592C0183DA22}.Debug|Any CPU.Build.0 = Debug|Any CPU
		{1402C201-83FF-449F-AC80-592C0183DA22}.Debug|x64.ActiveCfg = Debug|Any CPU
		{1402C201-83FF-449F-AC80-592C0183DA22}.Debug|x64.Build.0 = Debug|Any CPU
		{1402C201-83FF-449F-AC80-592C0183DA22}.Debug|x86.ActiveCfg = Debug|Any CPU
		{1402C201-83FF-449F-AC80-592C0183DA22}.Debug|x86.Build.0 = Debug|Any CPU
		{1402C201-83FF-449F-AC80-592C0183DA22}.Release|Any CPU.ActiveCfg = Release|Any CPU
		{1402C201-83FF-449F-AC80-592C0183DA22}.Release|Any CPU.Build.0 = Release|Any CPU
		{1402C201-83FF-449F-AC80-592C0183DA22}.Release|x64.ActiveCfg = Release|Any CPU
		{1402C201-83FF-449F-AC80-592C0183DA22}.Release|x64.Build.0 = Release|Any CPU
		{1402C201-83FF-449F-AC80-592C0183DA22}.Release|x86.ActiveCfg = Release|Any CPU
		{1402C201-83FF-449F-AC80-592C0183DA22}.Release|x86.Build.0 = Release|Any CPU
		{D4749CE4-1C78-48BF-BD7D-8ECE26DAA879}.Debug|Any CPU.ActiveCfg = Debug|Any CPU
		{D4749CE4-1C78-48BF-BD7D-8ECE26DAA879}.Debug|Any CPU.Build.0 = Debug|Any CPU
		{D4749CE4-1C78-48BF-BD7D-8ECE26DAA879}.Debug|x64.ActiveCfg = Debug|Any CPU
		{D4749CE4-1C78-48BF-BD7D-8ECE26DAA879}.Debug|x64.Build.0 = Debug|Any CPU
		{D4749CE4-1C78-48BF-BD7D-8ECE26DAA879}.Debug|x86.ActiveCfg = Debug|Any CPU
		{D4749CE4-1C78-48BF-BD7D-8ECE26DAA879}.Debug|x86.Build.0 = Debug|Any CPU
		{D4749CE4-1C78-48BF-BD7D-8ECE26DAA879}.Release|Any CPU.ActiveCfg = Release|Any CPU
		{D4749CE4-1C78-48BF-BD7D-8ECE26DAA879}.Release|Any CPU.Build.0 = Release|Any CPU
		{D4749CE4-1C78-48BF-BD7D-8ECE26DAA879}.Release|x64.ActiveCfg = Release|Any CPU
		{D4749CE4-1C78-48BF-BD7D-8ECE26DAA879}.Release|x64.Build.0 = Release|Any CPU
		{D4749CE4-1C78-48BF-BD7D-8ECE26DAA879}.Release|x86.ActiveCfg = Release|Any CPU
		{D4749CE4-1C78-48BF-BD7D-8ECE26DAA879}.Release|x86.Build.0 = Release|Any CPU
		{92736C9B-EB5C-4EE5-91C5-39F15EC0FAAB}.Debug|Any CPU.ActiveCfg = Debug|Any CPU
		{92736C9B-EB5C-4EE5-91C5-39F15EC0FAAB}.Debug|Any CPU.Build.0 = Debug|Any CPU
		{92736C9B-EB5C-4EE5-91C5-39F15EC0FAAB}.Debug|x64.ActiveCfg = Debug|Any CPU
		{92736C9B-EB5C-4EE5-91C5-39F15EC0FAAB}.Debug|x64.Build.0 = Debug|Any CPU
		{92736C9B-EB5C-4EE5-91C5-39F15EC0FAAB}.Debug|x86.ActiveCfg = Debug|Any CPU
		{92736C9B-EB5C-4EE5-91C5-39F15EC0FAAB}.Debug|x86.Build.0 = Debug|Any CPU
		{92736C9B-EB5C-4EE5-91C5-39F15EC0FAAB}.Release|Any CPU.ActiveCfg = Release|Any CPU
		{92736C9B-EB5C-4EE5-91C5-39F15EC0FAAB}.Release|Any CPU.Build.0 = Release|Any CPU
		{92736C9B-EB5C-4EE5-91C5-39F15EC0FAAB}.Release|x64.ActiveCfg = Release|Any CPU
		{92736C9B-EB5C-4EE5-91C5-39F15EC0FAAB}.Release|x64.Build.0 = Release|Any CPU
		{92736C9B-EB5C-4EE5-91C5-39F15EC0FAAB}.Release|x86.ActiveCfg = Release|Any CPU
		{92736C9B-EB5C-4EE5-91C5-39F15EC0FAAB}.Release|x86.Build.0 = Release|Any CPU
		{3393239C-03A4-4510-8C52-F1D48F45781D}.Debug|Any CPU.ActiveCfg = Debug|Any CPU
		{3393239C-03A4-4510-8C52-F1D48F45781D}.Debug|Any CPU.Build.0 = Debug|Any CPU
		{3393239C-03A4-4510-8C52-F1D48F45781D}.Debug|x64.ActiveCfg = Debug|Any CPU
		{3393239C-03A4-4510-8C52-F1D48F45781D}.Debug|x64.Build.0 = Debug|Any CPU
		{3393239C-03A4-4510-8C52-F1D48F45781D}.Debug|x86.ActiveCfg = Debug|Any CPU
		{3393239C-03A4-4510-8C52-F1D48F45781D}.Debug|x86.Build.0 = Debug|Any CPU
		{3393239C-03A4-4510-8C52-F1D48F45781D}.Release|Any CPU.ActiveCfg = Release|Any CPU
		{3393239C-03A4-4510-8C52-F1D48F45781D}.Release|Any CPU.Build.0 = Release|Any CPU
		{3393239C-03A4-4510-8C52-F1D48F45781D}.Release|x64.ActiveCfg = Release|Any CPU
		{3393239C-03A4-4510-8C52-F1D48F45781D}.Release|x64.Build.0 = Release|Any CPU
		{3393239C-03A4-4510-8C52-F1D48F45781D}.Release|x86.ActiveCfg = Release|Any CPU
		{3393239C-03A4-4510-8C52-F1D48F45781D}.Release|x86.Build.0 = Release|Any CPU
		{CDBAE218-1E23-4AC0-BD7C-BA01D99FA6E6}.Debug|Any CPU.ActiveCfg = Debug|Any CPU
		{CDBAE218-1E23-4AC0-BD7C-BA01D99FA6E6}.Debug|Any CPU.Build.0 = Debug|Any CPU
		{CDBAE218-1E23-4AC0-BD7C-BA01D99FA6E6}.Debug|x64.ActiveCfg = Debug|Any CPU
		{CDBAE218-1E23-4AC0-BD7C-BA01D99FA6E6}.Debug|x64.Build.0 = Debug|Any CPU
		{CDBAE218-1E23-4AC0-BD7C-BA01D99FA6E6}.Debug|x86.ActiveCfg = Debug|Any CPU
		{CDBAE218-1E23-4AC0-BD7C-BA01D99FA6E6}.Debug|x86.Build.0 = Debug|Any CPU
		{CDBAE218-1E23-4AC0-BD7C-BA01D99FA6E6}.Release|Any CPU.ActiveCfg = Release|Any CPU
		{CDBAE218-1E23-4AC0-BD7C-BA01D99FA6E6}.Release|Any CPU.Build.0 = Release|Any CPU
		{CDBAE218-1E23-4AC0-BD7C-BA01D99FA6E6}.Release|x64.ActiveCfg = Release|Any CPU
		{CDBAE218-1E23-4AC0-BD7C-BA01D99FA6E6}.Release|x64.Build.0 = Release|Any CPU
		{CDBAE218-1E23-4AC0-BD7C-BA01D99FA6E6}.Release|x86.ActiveCfg = Release|Any CPU
		{CDBAE218-1E23-4AC0-BD7C-BA01D99FA6E6}.Release|x86.Build.0 = Release|Any CPU
	EndGlobalSection
	GlobalSection(NestedProjects) = preSolution
		{1402C201-83FF-449F-AC80-592C0183DA22} = {659ACCAA-0D68-4C9D-8E52-47C657BEF8CA}
		{D4749CE4-1C78-48BF-BD7D-8ECE26DAA879} = {659ACCAA-0D68-4C9D-8E52-47C657BEF8CA}
		{92736C9B-EB5C-4EE5-91C5-39F15EC0FAAB} = {659ACCAA-0D68-4C9D-8E52-47C657BEF8CA}
		{3393239C-03A4-4510-8C52-F1D48F45781D} = {659ACCAA-0D68-4C9D-8E52-47C657BEF8CA}
		{CDBAE218-1E23-4AC0-BD7C-BA01D99FA6E6} = {C0A0C226-149C-418E-8F03-C003A6A20223}
	EndGlobalSection
EndGlobal
